
Microsoft Visual Studio Solution File, Format Version 12.00
# Visual Studio Version 16
VisualStudioVersion = 16.0.28922.388
MinimumVisualStudioVersion = 10.0.40219.1
Project("{8BC9CEB8-8B4A-11D0-8D11-00A0C91BC942}") = "DataStruct_Stack_Queue_2019_12_16", "DataStruct_Stack_Queue_2019_12_16\DataStruct_Stack_Queue_2019_12_16.vcxproj", "{BF8AB4F6-E45B-42D9-9BA1-7D4D1257962E}"
EndProject
Global
	GlobalSection(SolutionConfigurationPlatforms) = preSolution
		Debug|x64 = Debug|x64
		Debug|x86 = Debug|x86
		Release|x64 = Release|x64
		Release|x86 = Release|x86
	EndGlobalSection
	GlobalSection(ProjectConfigurationPlatforms) = postSolution
		{BF8AB4F6-E45B-42D9-9BA1-7D4D1257962E}.Debug|x64.ActiveCfg = Debug|x64
		{BF8AB4F6-E45B-42D9-9BA1-7D4D1257962E}.Debug|x64.Build.0 = Debug|x64
		{BF8AB4F6-E45B-42D9-9BA1-7D4D1257962E}.Debug|x86.ActiveCfg = Debug|Win32
		{BF8AB4F6-E45B-42D9-9BA1-7D4D1257962E}.Debug|x86.Build.0 = Debug|Win32
		{BF8AB4F6-E45B-42D9-9BA1-7D4D1257962E}.Release|x64.ActiveCfg = Release|x64
		{BF8AB4F6-E45B-42D9-9BA1-7D4D1257962E}.Release|x64.Build.0 = Release|x64
		{BF8AB4F6-E45B-42D9-9BA1-7D4D1257962E}.Release|x86.ActiveCfg = Release|Win32
		{BF8AB4F6-E45B-42D9-9BA1-7D4D1257962E}.Release|x86.Build.0 = Release|Win32
	EndGlobalSection
	GlobalSection(SolutionProperties) = preSolution
		HideSolutionNode = FALSE
	EndGlobalSection
	GlobalSection(ExtensibilityGlobals) = postSolution
		SolutionGuid = {3F3D6561-37CA-45B9-8E12-2D942CB8B0DC}
	EndGlobalSection
EndGlobal
